// !$*UTF8*$!
{
	archiveVersion = 1;
	classes = {
	};
	objectVersion = 50;
	objects = {

/* Begin PBXBuildFile section */
		3E3D5F9B208855A2000A9175 /* SDSwagger.otf in Resources */ = {isa = PBXBuildFile; fileRef = 3E3D5F9A208855A2000A9175 /* SDSwagger.otf */; };
		3E3D5F9F20885604000A9175 /* NSObject + reusableIdentifier.swift in Sources */ = {isa = PBXBuildFile; fileRef = 3E3D5F9E20885604000A9175 /* NSObject + reusableIdentifier.swift */; };
		3E3D5FA120886352000A9175 /* UIColor + themeColor.swift in Sources */ = {isa = PBXBuildFile; fileRef = 3E3D5FA020886352000A9175 /* UIColor + themeColor.swift */; };
		3E3D5FA620886A61000A9175 /* CategoryCell.swift in Sources */ = {isa = PBXBuildFile; fileRef = 3E3D5FA420886A61000A9175 /* CategoryCell.swift */; };
		3E3D5FA720886A61000A9175 /* CategoryCell.xib in Resources */ = {isa = PBXBuildFile; fileRef = 3E3D5FA520886A61000A9175 /* CategoryCell.xib */; };
		3E3D5FAA20886A6D000A9175 /* BrandCell.swift in Sources */ = {isa = PBXBuildFile; fileRef = 3E3D5FA820886A6D000A9175 /* BrandCell.swift */; };
		3E3D5FAB20886A6D000A9175 /* BrandCell.xib in Resources */ = {isa = PBXBuildFile; fileRef = 3E3D5FA920886A6D000A9175 /* BrandCell.xib */; };
		3E3D5FAE20886A79000A9175 /* CardCell.swift in Sources */ = {isa = PBXBuildFile; fileRef = 3E3D5FAC20886A79000A9175 /* CardCell.swift */; };
		3E3D5FAF20886A79000A9175 /* CardCell.xib in Resources */ = {isa = PBXBuildFile; fileRef = 3E3D5FAD20886A79000A9175 /* CardCell.xib */; };
		3E3D5FB420887EAC000A9175 /* Brand.swift in Sources */ = {isa = PBXBuildFile; fileRef = 3E3D5FB320887EAC000A9175 /* Brand.swift */; };
		3E3D5FB620887EB3000A9175 /* Card.swift in Sources */ = {isa = PBXBuildFile; fileRef = 3E3D5FB520887EB3000A9175 /* Card.swift */; };
		3E3D5FB82088A68E000A9175 /* Beacon.swift in Sources */ = {isa = PBXBuildFile; fileRef = 3E3D5FB72088A68E000A9175 /* Beacon.swift */; };
		3E9EEE5F207F9386007F61B5 /* AppDelegate.swift in Sources */ = {isa = PBXBuildFile; fileRef = 3E9EEE5E207F9386007F61B5 /* AppDelegate.swift */; };
		3E9EEE66207F9387007F61B5 /* Assets.xcassets in Resources */ = {isa = PBXBuildFile; fileRef = 3E9EEE65207F9387007F61B5 /* Assets.xcassets */; };
		3E9EEE69207F9387007F61B5 /* LaunchScreen.storyboard in Resources */ = {isa = PBXBuildFile; fileRef = 3E9EEE67207F9387007F61B5 /* LaunchScreen.storyboard */; };
		3E9EEE73207F93B1007F61B5 /* MainViewController.swift in Sources */ = {isa = PBXBuildFile; fileRef = 3E9EEE71207F93B1007F61B5 /* MainViewController.swift */; };
		3E9EEE74207F93B1007F61B5 /* MainViewController.xib in Resources */ = {isa = PBXBuildFile; fileRef = 3E9EEE72207F93B1007F61B5 /* MainViewController.xib */; };
		3E9EEE77207F9491007F61B5 /* CardSelectView.swift in Sources */ = {isa = PBXBuildFile; fileRef = 3E9EEE76207F9491007F61B5 /* CardSelectView.swift */; };
		3E9EEE79207F94D7007F61B5 /* CardSelectView.xib in Resources */ = {isa = PBXBuildFile; fileRef = 3E9EEE78207F94D7007F61B5 /* CardSelectView.xib */; };
/* End PBXBuildFile section */

/* Begin PBXFileReference section */
		3E3D5F9A208855A2000A9175 /* SDSwagger.otf */ = {isa = PBXFileReference; lastKnownFileType = file; path = SDSwagger.otf; sourceTree = "<group>"; };
		3E3D5F9E20885604000A9175 /* NSObject + reusableIdentifier.swift */ = {isa = PBXFileReference; lastKnownFileType = sourcecode.swift; path = "NSObject + reusableIdentifier.swift"; sourceTree = "<group>"; };
		3E3D5FA020886352000A9175 /* UIColor + themeColor.swift */ = {isa = PBXFileReference; lastKnownFileType = sourcecode.swift; path = "UIColor + themeColor.swift"; sourceTree = "<group>"; };
		3E3D5FA420886A61000A9175 /* CategoryCell.swift */ = {isa = PBXFileReference; lastKnownFileType = sourcecode.swift; path = CategoryCell.swift; sourceTree = "<group>"; };
		3E3D5FA520886A61000A9175 /* CategoryCell.xib */ = {isa = PBXFileReference; lastKnownFileType = file.xib; path = CategoryCell.xib; sourceTree = "<group>"; };
		3E3D5FA820886A6D000A9175 /* BrandCell.swift */ = {isa = PBXFileReference; lastKnownFileType = sourcecode.swift; path = BrandCell.swift; sourceTree = "<group>"; };
		3E3D5FA920886A6D000A9175 /* BrandCell.xib */ = {isa = PBXFileReference; lastKnownFileType = file.xib; path = BrandCell.xib; sourceTree = "<group>"; };
		3E3D5FAC20886A79000A9175 /* CardCell.swift */ = {isa = PBXFileReference; lastKnownFileType = sourcecode.swift; path = CardCell.swift; sourceTree = "<group>"; };
		3E3D5FAD20886A79000A9175 /* CardCell.xib */ = {isa = PBXFileReference; lastKnownFileType = file.xib; path = CardCell.xib; sourceTree = "<group>"; };
		3E3D5FB320887EAC000A9175 /* Brand.swift */ = {isa = PBXFileReference; lastKnownFileType = sourcecode.swift; path = Brand.swift; sourceTree = "<group>"; };
		3E3D5FB520887EB3000A9175 /* Card.swift */ = {isa = PBXFileReference; lastKnownFileType = sourcecode.swift; path = Card.swift; sourceTree = "<group>"; };
		3E3D5FB72088A68E000A9175 /* Beacon.swift */ = {isa = PBXFileReference; lastKnownFileType = sourcecode.swift; path = Beacon.swift; sourceTree = "<group>"; };
		3E9EEE5B207F9386007F61B5 /* CapstoneProject.app */ = {isa = PBXFileReference; explicitFileType = wrapper.application; includeInIndex = 0; path = CapstoneProject.app; sourceTree = BUILT_PRODUCTS_DIR; };
		3E9EEE5E207F9386007F61B5 /* AppDelegate.swift */ = {isa = PBXFileReference; lastKnownFileType = sourcecode.swift; path = AppDelegate.swift; sourceTree = "<group>"; };
		3E9EEE65207F9387007F61B5 /* Assets.xcassets */ = {isa = PBXFileReference; lastKnownFileType = folder.assetcatalog; path = Assets.xcassets; sourceTree = "<group>"; };
		3E9EEE68207F9387007F61B5 /* Base */ = {isa = PBXFileReference; lastKnownFileType = file.storyboard; name = Base; path = Base.lproj/LaunchScreen.storyboard; sourceTree = "<group>"; };
		3E9EEE6A207F9387007F61B5 /* Info.plist */ = {isa = PBXFileReference; lastKnownFileType = text.plist.xml; path = Info.plist; sourceTree = "<group>"; };
		3E9EEE71207F93B1007F61B5 /* MainViewController.swift */ = {isa = PBXFileReference; lastKnownFileType = sourcecode.swift; path = MainViewController.swift; sourceTree = "<group>"; };
		3E9EEE72207F93B1007F61B5 /* MainViewController.xib */ = {isa = PBXFileReference; lastKnownFileType = file.xib; path = MainViewController.xib; sourceTree = "<group>"; };
		3E9EEE76207F9491007F61B5 /* CardSelectView.swift */ = {isa = PBXFileReference; lastKnownFileType = sourcecode.swift; path = CardSelectView.swift; sourceTree = "<group>"; };
		3E9EEE78207F94D7007F61B5 /* CardSelectView.xib */ = {isa = PBXFileReference; lastKnownFileType = file.xib; path = CardSelectView.xib; sourceTree = "<group>"; };
/* End PBXFileReference section */

/* Begin PBXFrameworksBuildPhase section */
		3E9EEE58207F9386007F61B5 /* Frameworks */ = {
			isa = PBXFrameworksBuildPhase;
			buildActionMask = 2147483647;
			files = (
			);
			runOnlyForDeploymentPostprocessing = 0;
		};
/* End PBXFrameworksBuildPhase section */

/* Begin PBXGroup section */
		3E3D5F9C208855DC000A9175 /* Extensions */ = {
			isa = PBXGroup;
			children = (
				3E3D5F9E20885604000A9175 /* NSObject + reusableIdentifier.swift */,
				3E3D5FA020886352000A9175 /* UIColor + themeColor.swift */,
			);
			path = Extensions;
			sourceTree = "<group>";
		};
		3E3D5F9D208855E1000A9175 /* Resources */ = {
			isa = PBXGroup;
			children = (
				3E3D5FB120887004000A9175 /* Beacons */,
				3E3D5F9A208855A2000A9175 /* SDSwagger.otf */,
			);
			path = Resources;
			sourceTree = "<group>";
		};
		3E3D5FA220886A1D000A9175 /* Cells */ = {
			isa = PBXGroup;
			children = (
				3E3D5FA420886A61000A9175 /* CategoryCell.swift */,
				3E3D5FA520886A61000A9175 /* CategoryCell.xib */,
				3E3D5FA820886A6D000A9175 /* BrandCell.swift */,
				3E3D5FA920886A6D000A9175 /* BrandCell.xib */,
				3E3D5FAC20886A79000A9175 /* CardCell.swift */,
				3E3D5FAD20886A79000A9175 /* CardCell.xib */,
			);
			path = Cells;
			sourceTree = "<group>";
		};
		3E3D5FB120887004000A9175 /* Beacons */ = {
			isa = PBXGroup;
			children = (
				3E3D5FB72088A68E000A9175 /* Beacon.swift */,
			);
			path = Beacons;
			sourceTree = "<group>";
		};
		3E3D5FB220887E9F000A9175 /* Model */ = {
			isa = PBXGroup;
			children = (
				3E3D5FB320887EAC000A9175 /* Brand.swift */,
				3E3D5FB520887EB3000A9175 /* Card.swift */,
			);
			path = Model;
			sourceTree = "<group>";
		};
		3E9EEE52207F9386007F61B5 = {
			isa = PBXGroup;
			children = (
				3E9EEE5D207F9386007F61B5 /* CapstoneProject */,
				3E9EEE5C207F9386007F61B5 /* Products */,
			);
			sourceTree = "<group>";
		};
		3E9EEE5C207F9386007F61B5 /* Products */ = {
			isa = PBXGroup;
			children = (
				3E9EEE5B207F9386007F61B5 /* CapstoneProject.app */,
			);
			name = Products;
			sourceTree = "<group>";
		};
		3E9EEE5D207F9386007F61B5 /* CapstoneProject */ = {
			isa = PBXGroup;
			children = (
				3E3D5FB220887E9F000A9175 /* Model */,
				3E3D5FA220886A1D000A9175 /* Cells */,
				3E3D5F9D208855E1000A9175 /* Resources */,
				3E3D5F9C208855DC000A9175 /* Extensions */,
				3E9EEE75207F947A007F61B5 /* Views */,
				3E9EEE70207F93A5007F61B5 /* ViewControllers */,
				3E9EEE5E207F9386007F61B5 /* AppDelegate.swift */,
				3E9EEE65207F9387007F61B5 /* Assets.xcassets */,
				3E9EEE67207F9387007F61B5 /* LaunchScreen.storyboard */,
				3E9EEE6A207F9387007F61B5 /* Info.plist */,
			);
			path = CapstoneProject;
			sourceTree = "<group>";
		};
		3E9EEE70207F93A5007F61B5 /* ViewControllers */ = {
			isa = PBXGroup;
			children = (
				3E9EEE71207F93B1007F61B5 /* MainViewController.swift */,
				3E9EEE72207F93B1007F61B5 /* MainViewController.xib */,
			);
			path = ViewControllers;
			sourceTree = "<group>";
		};
		3E9EEE75207F947A007F61B5 /* Views */ = {
			isa = PBXGroup;
			children = (
				3E9EEE76207F9491007F61B5 /* CardSelectView.swift */,
				3E9EEE78207F94D7007F61B5 /* CardSelectView.xib */,
			);
			path = Views;
			sourceTree = "<group>";
		};
/* End PBXGroup section */

/* Begin PBXNativeTarget section */
		3E9EEE5A207F9386007F61B5 /* CapstoneProject */ = {
			isa = PBXNativeTarget;
			buildConfigurationList = 3E9EEE6D207F9387007F61B5 /* Build configuration list for PBXNativeTarget "CapstoneProject" */;
			buildPhases = (
				3E9EEE57207F9386007F61B5 /* Sources */,
				3E9EEE58207F9386007F61B5 /* Frameworks */,
				3E9EEE59207F9386007F61B5 /* Resources */,
			);
			buildRules = (
			);
			dependencies = (
			);
			name = CapstoneProject;
			productName = CapstoneProject;
			productReference = 3E9EEE5B207F9386007F61B5 /* CapstoneProject.app */;
			productType = "com.apple.product-type.application";
		};
/* End PBXNativeTarget section */

/* Begin PBXProject section */
		3E9EEE53207F9386007F61B5 /* Project object */ = {
			isa = PBXProject;
			attributes = {
				LastSwiftUpdateCheck = 0930;
				LastUpgradeCheck = 0930;
				ORGANIZATIONNAME = "이동건";
				TargetAttributes = {
					3E9EEE5A207F9386007F61B5 = {
						CreatedOnToolsVersion = 9.3;
					};
				};
			};
			buildConfigurationList = 3E9EEE56207F9386007F61B5 /* Build configuration list for PBXProject "CapstoneProject" */;
			compatibilityVersion = "Xcode 9.3";
			developmentRegion = en;
			hasScannedForEncodings = 0;
			knownRegions = (
				en,
				Base,
			);
			mainGroup = 3E9EEE52207F9386007F61B5;
			productRefGroup = 3E9EEE5C207F9386007F61B5 /* Products */;
			projectDirPath = "";
			projectRoot = "";
			targets = (
				3E9EEE5A207F9386007F61B5 /* CapstoneProject */,
			);
		};
/* End PBXProject section */

/* Begin PBXResourcesBuildPhase section */
		3E9EEE59207F9386007F61B5 /* Resources */ = {
			isa = PBXResourcesBuildPhase;
			buildActionMask = 2147483647;
			files = (
				3E9EEE79207F94D7007F61B5 /* CardSelectView.xib in Resources */,
				3E3D5FA720886A61000A9175 /* CategoryCell.xib in Resources */,
				3E3D5F9B208855A2000A9175 /* SDSwagger.otf in Resources */,
				3E3D5FAB20886A6D000A9175 /* BrandCell.xib in Resources */,
				3E9EEE69207F9387007F61B5 /* LaunchScreen.storyboard in Resources */,
				3E9EEE74207F93B1007F61B5 /* MainViewController.xib in Resources */,
				3E9EEE66207F9387007F61B5 /* Assets.xcassets in Resources */,
				3E3D5FAF20886A79000A9175 /* CardCell.xib in Resources */,
			);
			runOnlyForDeploymentPostprocessing = 0;
		};
/* End PBXResourcesBuildPhase section */

/* Begin PBXSourcesBuildPhase section */
		3E9EEE57207F9386007F61B5 /* Sources */ = {
			isa = PBXSourcesBuildPhase;
			buildActionMask = 2147483647;
			files = (
				3E9EEE5F207F9386007F61B5 /* AppDelegate.swift in Sources */,
				3E3D5FB420887EAC000A9175 /* Brand.swift in Sources */,
				3E9EEE73207F93B1007F61B5 /* MainViewController.swift in Sources */,
				3E9EEE77207F9491007F61B5 /* CardSelectView.swift in Sources */,
				3E3D5FAE20886A79000A9175 /* CardCell.swift in Sources */,
				3E3D5F9F20885604000A9175 /* NSObject + reusableIdentifier.swift in Sources */,
				3E3D5FA120886352000A9175 /* UIColor + themeColor.swift in Sources */,
				3E3D5FB620887EB3000A9175 /* Card.swift in Sources */,
				3E3D5FAA20886A6D000A9175 /* BrandCell.swift in Sources */,
				3E3D5FB82088A68E000A9175 /* Beacon.swift in Sources */,
				3E3D5FA620886A61000A9175 /* CategoryCell.swift in Sources */,
			);
			runOnlyForDeploymentPostprocessing = 0;
		};
/* End PBXSourcesBuildPhase section */

/* Begin PBXVariantGroup section */
		3E9EEE67207F9387007F61B5 /* LaunchScreen.storyboard */ = {
			isa = PBXVariantGroup;
			children = (
				3E9EEE68207F9387007F61B5 /* Base */,
			);
			name = LaunchScreen.storyboard;
			sourceTree = "<group>";
		};
/* End PBXVariantGroup section */

/* Begin XCBuildConfiguration section */
		3E9EEE6B207F9387007F61B5 /* Debug */ = {
			isa = XCBuildConfiguration;
			buildSettings = {
				ALWAYS_SEARCH_USER_PATHS = NO;
				CLANG_ANALYZER_NONNULL = YES;
				CLANG_ANALYZER_NUMBER_OBJECT_CONVERSION = YES_AGGRESSIVE;
				CLANG_CXX_LANGUAGE_STANDARD = "gnu++14";
				CLANG_CXX_LIBRARY = "libc++";
				CLANG_ENABLE_MODULES = YES;
				CLANG_ENABLE_OBJC_ARC = YES;
				CLANG_ENABLE_OBJC_WEAK = YES;
				CLANG_WARN_BLOCK_CAPTURE_AUTORELEASING = YES;
				CLANG_WARN_BOOL_CONVERSION = YES;
				CLANG_WARN_COMMA = YES;
				CLANG_WARN_CONSTANT_CONVERSION = YES;
				CLANG_WARN_DEPRECATED_OBJC_IMPLEMENTATIONS = YES;
				CLANG_WARN_DIRECT_OBJC_ISA_USAGE = YES_ERROR;
				CLANG_WARN_DOCUMENTATION_COMMENTS = YES;
				CLANG_WARN_EMPTY_BODY = YES;
				CLANG_WARN_ENUM_CONVERSION = YES;
				CLANG_WARN_INFINITE_RECURSION = YES;
				CLANG_WARN_INT_CONVERSION = YES;
				CLANG_WARN_NON_LITERAL_NULL_CONVERSION = YES;
				CLANG_WARN_OBJC_IMPLICIT_RETAIN_SELF = YES;
				CLANG_WARN_OBJC_LITERAL_CONVERSION = YES;
				CLANG_WARN_OBJC_ROOT_CLASS = YES_ERROR;
				CLANG_WARN_RANGE_LOOP_ANALYSIS = YES;
				CLANG_WARN_STRICT_PROTOTYPES = YES;
				CLANG_WARN_SUSPICIOUS_MOVE = YES;
				CLANG_WARN_UNGUARDED_AVAILABILITY = YES_AGGRESSIVE;
				CLANG_WARN_UNREACHABLE_CODE = YES;
				CLANG_WARN__DUPLICATE_METHOD_MATCH = YES;
				CODE_SIGN_IDENTITY = "iPhone Developer";
				COPY_PHASE_STRIP = NO;
				DEBUG_INFORMATION_FORMAT = dwarf;
				ENABLE_STRICT_OBJC_MSGSEND = YES;
				ENABLE_TESTABILITY = YES;
				GCC_C_LANGUAGE_STANDARD = gnu11;
				GCC_DYNAMIC_NO_PIC = NO;
				GCC_NO_COMMON_BLOCKS = YES;
				GCC_OPTIMIZATION_LEVEL = 0;
				GCC_PREPROCESSOR_DEFINITIONS = (
					"DEBUG=1",
					"$(inherited)",
				);
				GCC_WARN_64_TO_32_BIT_CONVERSION = YES;
				GCC_WARN_ABOUT_RETURN_TYPE = YES_ERROR;
				GCC_WARN_UNDECLARED_SELECTOR = YES;
				GCC_WARN_UNINITIALIZED_AUTOS = YES_AGGRESSIVE;
				GCC_WARN_UNUSED_FUNCTION = YES;
				GCC_WARN_UNUSED_VARIABLE = YES;
				IPHONEOS_DEPLOYMENT_TARGET = 11.3;
				MTL_ENABLE_DEBUG_INFO = YES;
				ONLY_ACTIVE_ARCH = YES;
				SDKROOT = iphoneos;
				SWIFT_ACTIVE_COMPILATION_CONDITIONS = DEBUG;
				SWIFT_OPTIMIZATION_LEVEL = "-Onone";
			};
			name = Debug;
		};
		3E9EEE6C207F9387007F61B5 /* Release */ = {
			isa = XCBuildConfiguration;
			buildSettings = {
				ALWAYS_SEARCH_USER_PATHS = NO;
				CLANG_ANALYZER_NONNULL = YES;
				CLANG_ANALYZER_NUMBER_OBJECT_CONVERSION = YES_AGGRESSIVE;
				CLANG_CXX_LANGUAGE_STANDARD = "gnu++14";
				CLANG_CXX_LIBRARY = "libc++";
				CLANG_ENABLE_MODULES = YES;
				CLANG_ENABLE_OBJC_ARC = YES;
				CLANG_ENABLE_OBJC_WEAK = YES;
				CLANG_WARN_BLOCK_CAPTURE_AUTORELEASING = YES;
				CLANG_WARN_BOOL_CONVERSION = YES;
				CLANG_WARN_COMMA = YES;
				CLANG_WARN_CONSTANT_CONVERSION = YES;
				CLANG_WARN_DEPRECATED_OBJC_IMPLEMENTATIONS = YES;
				CLANG_WARN_DIRECT_OBJC_ISA_USAGE = YES_ERROR;
				CLANG_WARN_DOCUMENTATION_COMMENTS = YES;
				CLANG_WARN_EMPTY_BODY = YES;
				CLANG_WARN_ENUM_CONVERSION = YES;
				CLANG_WARN_INFINITE_RECURSION = YES;
				CLANG_WARN_INT_CONVERSION = YES;
				CLANG_WARN_NON_LITERAL_NULL_CONVERSION = YES;
				CLANG_WARN_OBJC_IMPLICIT_RETAIN_SELF = YES;
				CLANG_WARN_OBJC_LITERAL_CONVERSION = YES;
				CLANG_WARN_OBJC_ROOT_CLASS = YES_ERROR;
				CLANG_WARN_RANGE_LOOP_ANALYSIS = YES;
				CLANG_WARN_STRICT_PROTOTYPES = YES;
				CLANG_WARN_SUSPICIOUS_MOVE = YES;
				CLANG_WARN_UNGUARDED_AVAILABILITY = YES_AGGRESSIVE;
				CLANG_WARN_UNREACHABLE_CODE = YES;
				CLANG_WARN__DUPLICATE_METHOD_MATCH = YES;
				CODE_SIGN_IDENTITY = "iPhone Developer";
				COPY_PHASE_STRIP = NO;
				DEBUG_INFORMATION_FORMAT = "dwarf-with-dsym";
				ENABLE_NS_ASSERTIONS = NO;
				ENABLE_STRICT_OBJC_MSGSEND = YES;
				GCC_C_LANGUAGE_STANDARD = gnu11;
				GCC_NO_COMMON_BLOCKS = YES;
				GCC_WARN_64_TO_32_BIT_CONVERSION = YES;
				GCC_WARN_ABOUT_RETURN_TYPE = YES_ERROR;
				GCC_WARN_UNDECLARED_SELECTOR = YES;
				GCC_WARN_UNINITIALIZED_AUTOS = YES_AGGRESSIVE;
				GCC_WARN_UNUSED_FUNCTION = YES;
				GCC_WARN_UNUSED_VARIABLE = YES;
				IPHONEOS_DEPLOYMENT_TARGET = 11.3;
				MTL_ENABLE_DEBUG_INFO = NO;
				SDKROOT = iphoneos;
				SWIFT_COMPILATION_MODE = wholemodule;
				SWIFT_OPTIMIZATION_LEVEL = "-O";
				VALIDATE_PRODUCT = YES;
			};
			name = Release;
		};
		3E9EEE6E207F9387007F61B5 /* Debug */ = {
			isa = XCBuildConfiguration;
			buildSettings = {
				ASSETCATALOG_COMPILER_APPICON_NAME = AppIcon;
				CODE_SIGN_STYLE = Automatic;
				DEVELOPMENT_TEAM = 452DHHAC9T;
				INFOPLIST_FILE = CapstoneProject/Info.plist;
				LD_RUNPATH_SEARCH_PATHS = (
					"$(inherited)",
					"@executable_path/Frameworks",
				);
				PRODUCT_BUNDLE_IDENTIFIER = com.CapstoneProject;
				PRODUCT_NAME = "$(TARGET_NAME)";
				SWIFT_VERSION = 4.0;
				TARGETED_DEVICE_FAMILY = 1;
			};
			name = Debug;
		};
		3E9EEE6F207F9387007F61B5 /* Release */ = {
			isa = XCBuildConfiguration;
			buildSettings = {
				ASSETCATALOG_COMPILER_APPICON_NAME = AppIcon;
				CODE_SIGN_STYLE = Automatic;
				DEVELOPMENT_TEAM = 452DHHAC9T;
				INFOPLIST_FILE = CapstoneProject/Info.plist;
				LD_RUNPATH_SEARCH_PATHS = (
					"$(inherited)",
					"@executable_path/Frameworks",
				);
				PRODUCT_BUNDLE_IDENTIFIER = com.CapstoneProject;
				PRODUCT_NAME = "$(TARGET_NAME)";
				SWIFT_VERSION = 4.0;
				TARGETED_DEVICE_FAMILY = 1;
			};
			name = Release;
		};
/* End XCBuildConfiguration section */

/* Begin XCConfigurationList section */
		3E9EEE56207F9386007F61B5 /* Build configuration list for PBXProject "CapstoneProject" */ = {
			isa = XCConfigurationList;
			buildConfigurations = (
				3E9EEE6B207F9387007F61B5 /* Debug */,
				3E9EEE6C207F9387007F61B5 /* Release */,
			);
			defaultConfigurationIsVisible = 0;
			defaultConfigurationName = Release;
		};
		3E9EEE6D207F9387007F61B5 /* Build configuration list for PBXNativeTarget "CapstoneProject" */ = {
			isa = XCConfigurationList;
			buildConfigurations = (
				3E9EEE6E207F9387007F61B5 /* Debug */,
				3E9EEE6F207F9387007F61B5 /* Release */,
			);
			defaultConfigurationIsVisible = 0;
			defaultConfigurationName = Release;
		};
/* End XCConfigurationList section */
	};
	rootObject = 3E9EEE53207F9386007F61B5 /* Project object */;
}
